
Microsoft Visual Studio Solution File, Format Version 12.00
# Visual Studio 2013
VisualStudioVersion = 12.0.21005.1
MinimumVisualStudioVersion = 10.0.40219.1
Project("{FAE04EC0-301F-11D3-BF4B-00C04F79EFBC}") = "NaGreenWebApi", "NaGreenWebApi\NaGreenWebApi.csproj", "{F0DACE94-E543-432B-BE31-141F3CBE381D}"
EndProject
Project("{FAE04EC0-301F-11D3-BF4B-00C04F79EFBC}") = "NaGreen.WebApi.Common", "NaGreen.WebApi.Common\NaGreen.WebApi.Common.csproj", "{89AFD74D-D802-46A8-B209-BEEA1C2C04DF}"
EndProject
Project("{FAE04EC0-301F-11D3-BF4B-00C04F79EFBC}") = "NaGreen.WebApi.Infrastructure", "NaGreen.WebApi.Infrastructure\NaGreen.WebApi.Infrastructure.csproj", "{5A5DD3C4-351A-49A9-9868-F7A582A7335A}"
EndProject
Project("{FAE04EC0-301F-11D3-BF4B-00C04F79EFBC}") = "NaGreen.WebApi.Server.Base", "NaGreen.WebApi.Server.Base\NaGreen.WebApi.Server.Base.csproj", "{865B9A8A-C9BB-4B79-ACB6-82EB666EBFF6}"
EndProject
Project("{FAE04EC0-301F-11D3-BF4B-00C04F79EFBC}") = "NaGreen.WebApi.Server.Data", "NaGreen.WebApi.Server.Data\NaGreen.WebApi.Server.Data.csproj", "{E8D8E873-8722-45F3-84F6-11EEECCC88A9}"
EndProject
Project("{FAE04EC0-301F-11D3-BF4B-00C04F79EFBC}") = "NaGreen.WebApi.Domain", "NaGreen.WebApi.Domain\NaGreen.WebApi.Domain.csproj", "{DF173133-796F-4C3E-AC67-26BFE4507587}"
EndProject
Project("{FAE04EC0-301F-11D3-BF4B-00C04F79EFBC}") = "NaGreen.WebApi.Server.Implementation", "NaGreen.WebApi.Server.Implementation\NaGreen.WebApi.Server.Implementation.csproj", "{C0E15A08-0812-41CF-A89A-AFA1E0713B30}"
EndProject
Global
	GlobalSection(SolutionConfigurationPlatforms) = preSolution
		Debug|Any CPU = Debug|Any CPU
		Release|Any CPU = Release|Any CPU
	EndGlobalSection
	GlobalSection(ProjectConfigurationPlatforms) = postSolution
		{F0DACE94-E543-432B-BE31-141F3CBE381D}.Debug|Any CPU.ActiveCfg = Debug|Any CPU
		{F0DACE94-E543-432B-BE31-141F3CBE381D}.Debug|Any CPU.Build.0 = Debug|Any CPU
		{F0DACE94-E543-432B-BE31-141F3CBE381D}.Release|Any CPU.ActiveCfg = Release|Any CPU
		{F0DACE94-E543-432B-BE31-141F3CBE381D}.Release|Any CPU.Build.0 = Release|Any CPU
		{89AFD74D-D802-46A8-B209-BEEA1C2C04DF}.Debug|Any CPU.ActiveCfg = Debug|Any CPU
		{89AFD74D-D802-46A8-B209-BEEA1C2C04DF}.Debug|Any CPU.Build.0 = Debug|Any CPU
		{89AFD74D-D802-46A8-B209-BEEA1C2C04DF}.Release|Any CPU.ActiveCfg = Release|Any CPU
		{89AFD74D-D802-46A8-B209-BEEA1C2C04DF}.Release|Any CPU.Build.0 = Release|Any CPU
		{5A5DD3C4-351A-49A9-9868-F7A582A7335A}.Debug|Any CPU.ActiveCfg = Debug|Any CPU
		{5A5DD3C4-351A-49A9-9868-F7A582A7335A}.Debug|Any CPU.Build.0 = Debug|Any CPU
		{5A5DD3C4-351A-49A9-9868-F7A582A7335A}.Release|Any CPU.ActiveCfg = Release|Any CPU
		{5A5DD3C4-351A-49A9-9868-F7A582A7335A}.Release|Any CPU.Build.0 = Release|Any CPU
		{865B9A8A-C9BB-4B79-ACB6-82EB666EBFF6}.Debug|Any CPU.ActiveCfg = Debug|Any CPU
		{865B9A8A-C9BB-4B79-ACB6-82EB666EBFF6}.Debug|Any CPU.Build.0 = Debug|Any CPU
		{865B9A8A-C9BB-4B79-ACB6-82EB666EBFF6}.Release|Any CPU.ActiveCfg = Release|Any CPU
		{865B9A8A-C9BB-4B79-ACB6-82EB666EBFF6}.Release|Any CPU.Build.0 = Release|Any CPU
		{E8D8E873-8722-45F3-84F6-11EEECCC88A9}.Debug|Any CPU.ActiveCfg = Debug|Any CPU
		{E8D8E873-8722-45F3-84F6-11EEECCC88A9}.Debug|Any CPU.Build.0 = Debug|Any CPU
		{E8D8E873-8722-45F3-84F6-11EEECCC88A9}.Release|Any CPU.ActiveCfg = Release|Any CPU
		{E8D8E873-8722-45F3-84F6-11EEECCC88A9}.Release|Any CPU.Build.0 = Release|Any CPU
		{DF173133-796F-4C3E-AC67-26BFE4507587}.Debug|Any CPU.ActiveCfg = Debug|Any CPU
		{DF173133-796F-4C3E-AC67-26BFE4507587}.Debug|Any CPU.Build.0 = Debug|Any CPU
		{DF173133-796F-4C3E-AC67-26BFE4507587}.Release|Any CPU.ActiveCfg = Release|Any CPU
		{DF173133-796F-4C3E-AC67-26BFE4507587}.Release|Any CPU.Build.0 = Release|Any CPU
		{C0E15A08-0812-41CF-A89A-AFA1E0713B30}.Debug|Any CPU.ActiveCfg = Debug|Any CPU
		{C0E15A08-0812-41CF-A89A-AFA1E0713B30}.Debug|Any CPU.Build.0 = Debug|Any CPU
		{C0E15A08-0812-41CF-A89A-AFA1E0713B30}.Release|Any CPU.ActiveCfg = Release|Any CPU
		{C0E15A08-0812-41CF-A89A-AFA1E0713B30}.Release|Any CPU.Build.0 = Release|Any CPU
	EndGlobalSection
	GlobalSection(SolutionProperties) = preSolution
		HideSolutionNode = FALSE
	EndGlobalSection
EndGlobal
