
Microsoft Visual Studio Solution File, Format Version 12.00
# Visual Studio 2013
VisualStudioVersion = 12.0.21005.1
MinimumVisualStudioVersion = 10.0.40219.1
Project("{2150E333-8FDC-42A3-9474-1A3956D46DE8}") = "Nuget", "Nuget", "{D57AC61B-3D1A-4512-9995-FC34D0F1B8B1}"
EndProject
Project("{2150E333-8FDC-42A3-9474-1A3956D46DE8}") = "Infrastructure", "Infrastructure", "{B8B09B37-F3B0-4E19-9C63-F3FA1C03CEB8}"
EndProject
Project("{2150E333-8FDC-42A3-9474-1A3956D46DE8}") = "Common", "Common", "{BF30E4B7-3E1B-4CE9-9271-F2FD7EDDC856}"
EndProject
Project("{2150E333-8FDC-42A3-9474-1A3956D46DE8}") = "Server", "Server", "{567FE06E-C2F0-4C5A-83A3-6E62BD3407E1}"
EndProject
Project("{2150E333-8FDC-42A3-9474-1A3956D46DE8}") = "Services", "Services", "{DD398AE4-7DBB-4152-8A1B-2FC46A780563}"
EndProject
Project("{2150E333-8FDC-42A3-9474-1A3956D46DE8}") = "Domain", "Domain", "{DBC7A4D6-7993-410B-BE3D-98B613F5271E}"
EndProject
Project("{2150E333-8FDC-42A3-9474-1A3956D46DE8}") = "Data", "Data", "{38D297AB-BC5E-4ED2-A4F1-4B355BB4A6DE}"
EndProject
Project("{2150E333-8FDC-42A3-9474-1A3956D46DE8}") = "Base", "Base", "{BAD29B6A-7F85-4117-A2CE-BBDEE79EE9E3}"
EndProject
Project("{2150E333-8FDC-42A3-9474-1A3956D46DE8}") = "Implementation", "Implementation", "{2ECE1011-5C7B-4FD4-834D-7F87CCDF9D12}"
EndProject
Project("{FAE04EC0-301F-11D3-BF4B-00C04F79EFBC}") = "Nrgs.Adapter.Web.Api", "Nrgs.Adapter.Web.Api\Nrgs.Adapter.Web.Api.csproj", "{AD4ABFD4-5C2D-4A54-A67A-548A4DF2DC7A}"
EndProject
Project("{FAE04EC0-301F-11D3-BF4B-00C04F79EFBC}") = "Nrgs.Adapter.Web.Api.Infrastructure", "Infrastructure\Nrgs.Adapter.Web.Api.Infrastructure\Nrgs.Adapter.Web.Api.Infrastructure.csproj", "{46D2ECF5-852B-4C03-B090-0AAB8026CCFB}"
EndProject
Project("{FAE04EC0-301F-11D3-BF4B-00C04F79EFBC}") = "Nrgs.Adapter.Common", "Common\Nrgs.Adapter.Common\Nrgs.Adapter.Common.csproj", "{1CA23879-D1EB-4367-BB63-8B3F6D01FD33}"
EndProject
Project("{FAE04EC0-301F-11D3-BF4B-00C04F79EFBC}") = "Nrgs.Adapter.Server.Base", "Nrgs.Adapter.Server.Base\Nrgs.Adapter.Server.Base.csproj", "{A6C007F7-08E5-4828-A551-2EA5382F8745}"
EndProject
Project("{FAE04EC0-301F-11D3-BF4B-00C04F79EFBC}") = "Nrgs.Adapter.Server.Implementation", "Nrgs.Adapter.Server.Implementation\Nrgs.Adapter.Server.Implementation.csproj", "{0D9A7EF8-758C-4F44-A571-E1E138DA3B66}"
EndProject
Project("{FAE04EC0-301F-11D3-BF4B-00C04F79EFBC}") = "Nrgs.Adapter.Domain", "Nrgs.Adapter.Domain\Nrgs.Adapter.Domain.csproj", "{E222FEE7-2BA1-4818-8CB6-B49911E7435C}"
EndProject
Global
	GlobalSection(SolutionConfigurationPlatforms) = preSolution
		Debug|Any CPU = Debug|Any CPU
		Release|Any CPU = Release|Any CPU
	EndGlobalSection
	GlobalSection(ProjectConfigurationPlatforms) = postSolution
		{AD4ABFD4-5C2D-4A54-A67A-548A4DF2DC7A}.Debug|Any CPU.ActiveCfg = Debug|Any CPU
		{AD4ABFD4-5C2D-4A54-A67A-548A4DF2DC7A}.Debug|Any CPU.Build.0 = Debug|Any CPU
		{AD4ABFD4-5C2D-4A54-A67A-548A4DF2DC7A}.Release|Any CPU.ActiveCfg = Release|Any CPU
		{AD4ABFD4-5C2D-4A54-A67A-548A4DF2DC7A}.Release|Any CPU.Build.0 = Release|Any CPU
		{46D2ECF5-852B-4C03-B090-0AAB8026CCFB}.Debug|Any CPU.ActiveCfg = Debug|Any CPU
		{46D2ECF5-852B-4C03-B090-0AAB8026CCFB}.Debug|Any CPU.Build.0 = Debug|Any CPU
		{46D2ECF5-852B-4C03-B090-0AAB8026CCFB}.Release|Any CPU.ActiveCfg = Release|Any CPU
		{46D2ECF5-852B-4C03-B090-0AAB8026CCFB}.Release|Any CPU.Build.0 = Release|Any CPU
		{1CA23879-D1EB-4367-BB63-8B3F6D01FD33}.Debug|Any CPU.ActiveCfg = Debug|Any CPU
		{1CA23879-D1EB-4367-BB63-8B3F6D01FD33}.Debug|Any CPU.Build.0 = Debug|Any CPU
		{1CA23879-D1EB-4367-BB63-8B3F6D01FD33}.Release|Any CPU.ActiveCfg = Release|Any CPU
		{1CA23879-D1EB-4367-BB63-8B3F6D01FD33}.Release|Any CPU.Build.0 = Release|Any CPU
		{A6C007F7-08E5-4828-A551-2EA5382F8745}.Debug|Any CPU.ActiveCfg = Debug|Any CPU
		{A6C007F7-08E5-4828-A551-2EA5382F8745}.Debug|Any CPU.Build.0 = Debug|Any CPU
		{A6C007F7-08E5-4828-A551-2EA5382F8745}.Release|Any CPU.ActiveCfg = Release|Any CPU
		{A6C007F7-08E5-4828-A551-2EA5382F8745}.Release|Any CPU.Build.0 = Release|Any CPU
		{0D9A7EF8-758C-4F44-A571-E1E138DA3B66}.Debug|Any CPU.ActiveCfg = Debug|Any CPU
		{0D9A7EF8-758C-4F44-A571-E1E138DA3B66}.Debug|Any CPU.Build.0 = Debug|Any CPU
		{0D9A7EF8-758C-4F44-A571-E1E138DA3B66}.Release|Any CPU.ActiveCfg = Release|Any CPU
		{0D9A7EF8-758C-4F44-A571-E1E138DA3B66}.Release|Any CPU.Build.0 = Release|Any CPU
		{E222FEE7-2BA1-4818-8CB6-B49911E7435C}.Debug|Any CPU.ActiveCfg = Debug|Any CPU
		{E222FEE7-2BA1-4818-8CB6-B49911E7435C}.Debug|Any CPU.Build.0 = Debug|Any CPU
		{E222FEE7-2BA1-4818-8CB6-B49911E7435C}.Release|Any CPU.ActiveCfg = Release|Any CPU
		{E222FEE7-2BA1-4818-8CB6-B49911E7435C}.Release|Any CPU.Build.0 = Release|Any CPU
	EndGlobalSection
	GlobalSection(SolutionProperties) = preSolution
		HideSolutionNode = FALSE
	EndGlobalSection
	GlobalSection(NestedProjects) = preSolution
		{46D2ECF5-852B-4C03-B090-0AAB8026CCFB} = {B8B09B37-F3B0-4E19-9C63-F3FA1C03CEB8}
		{1CA23879-D1EB-4367-BB63-8B3F6D01FD33} = {BF30E4B7-3E1B-4CE9-9271-F2FD7EDDC856}
		{DD398AE4-7DBB-4152-8A1B-2FC46A780563} = {567FE06E-C2F0-4C5A-83A3-6E62BD3407E1}
		{DBC7A4D6-7993-410B-BE3D-98B613F5271E} = {567FE06E-C2F0-4C5A-83A3-6E62BD3407E1}
		{38D297AB-BC5E-4ED2-A4F1-4B355BB4A6DE} = {567FE06E-C2F0-4C5A-83A3-6E62BD3407E1}
		{BAD29B6A-7F85-4117-A2CE-BBDEE79EE9E3} = {567FE06E-C2F0-4C5A-83A3-6E62BD3407E1}
		{2ECE1011-5C7B-4FD4-834D-7F87CCDF9D12} = {567FE06E-C2F0-4C5A-83A3-6E62BD3407E1}
		{AD4ABFD4-5C2D-4A54-A67A-548A4DF2DC7A} = {DD398AE4-7DBB-4152-8A1B-2FC46A780563}
		{E222FEE7-2BA1-4818-8CB6-B49911E7435C} = {DBC7A4D6-7993-410B-BE3D-98B613F5271E}
		{A6C007F7-08E5-4828-A551-2EA5382F8745} = {BAD29B6A-7F85-4117-A2CE-BBDEE79EE9E3}
		{0D9A7EF8-758C-4F44-A571-E1E138DA3B66} = {2ECE1011-5C7B-4FD4-834D-7F87CCDF9D12}
	EndGlobalSection
EndGlobal
